
Microsoft Visual Studio Solution File, Format Version 12.00
# Visual Studio Version 17
VisualStudioVersion = 17.8.34511.84
MinimumVisualStudioVersion = 10.0.40219.1
Project("{FAE04EC0-301F-11D3-BF4B-00C04F79EFBC}") = "Escola Virtual", "Escola Virtual\Escola Virtual.csproj", "{1E6FDF7E-1D56-4543-81A3-55A0F1C16D56}"
EndProject
Global
	GlobalSection(SolutionConfigurationPlatforms) = preSolution
		Debug|Any CPU = Debug|Any CPU
		Release|Any CPU = Release|Any CPU
	EndGlobalSection
	GlobalSection(ProjectConfigurationPlatforms) = postSolution
		{1E6FDF7E-1D56-4543-81A3-55A0F1C16D56}.Debug|Any CPU.ActiveCfg = Debug|Any CPU
		{1E6FDF7E-1D56-4543-81A3-55A0F1C16D56}.Debug|Any CPU.Build.0 = Debug|Any CPU
		{1E6FDF7E-1D56-4543-81A3-55A0F1C16D56}.Release|Any CPU.ActiveCfg = Release|Any CPU
		{1E6FDF7E-1D56-4543-81A3-55A0F1C16D56}.Release|Any CPU.Build.0 = Release|Any CPU
	EndGlobalSection
	GlobalSection(SolutionProperties) = preSolution
		HideSolutionNode = FALSE
	EndGlobalSection
	GlobalSection(ExtensibilityGlobals) = postSolution
		SolutionGuid = {D510483A-085E-4B6A-BB01-60DFEE27516C}
	EndGlobalSection
EndGlobal
